
Microsoft Visual Studio Solution File, Format Version 12.00
# Visual Studio 15
VisualStudioVersion = 15.0.28307.902
MinimumVisualStudioVersion = 10.0.40219.1
Project("{FAE04EC0-301F-11D3-BF4B-00C04F79EFBC}") = "LojaVirtual", "LojaVirtual\LojaVirtual.csproj", "{0FBEC010-2EEB-498B-A0D3-1FED817FD6C6}"
EndProject
Global
	GlobalSection(SolutionConfigurationPlatforms) = preSolution
		Debug|Any CPU = Debug|Any CPU
		Release|Any CPU = Release|Any CPU
	EndGlobalSection
	GlobalSection(ProjectConfigurationPlatforms) = postSolution
		{0FBEC010-2EEB-498B-A0D3-1FED817FD6C6}.Debug|Any CPU.ActiveCfg = Debug|Any CPU
		{0FBEC010-2EEB-498B-A0D3-1FED817FD6C6}.Debug|Any CPU.Build.0 = Debug|Any CPU
		{0FBEC010-2EEB-498B-A0D3-1FED817FD6C6}.Release|Any CPU.ActiveCfg = Release|Any CPU
		{0FBEC010-2EEB-498B-A0D3-1FED817FD6C6}.Release|Any CPU.Build.0 = Release|Any CPU
	EndGlobalSection
	GlobalSection(SolutionProperties) = preSolution
		HideSolutionNode = FALSE
	EndGlobalSection
	GlobalSection(ExtensibilityGlobals) = postSolution
		SolutionGuid = {EDDFA9E7-B3A3-4450-98D2-EED54C9B657E}
	EndGlobalSection
EndGlobal
