
Microsoft Visual Studio Solution File, Format Version 12.00
# Visual Studio 15
VisualStudioVersion = 15.0.28307.902
MinimumVisualStudioVersion = 10.0.40219.1
Project("{FAE04EC0-301F-11D3-BF4B-00C04F79EFBC}") = "LojaVirtual", "LojaVirtual\LojaVirtual.csproj", "{1B6389A7-9FF0-4C05-82DF-00AA1EA06C38}"
EndProject
Global
	GlobalSection(SolutionConfigurationPlatforms) = preSolution
		Debug|Any CPU = Debug|Any CPU
		Release|Any CPU = Release|Any CPU
	EndGlobalSection
	GlobalSection(ProjectConfigurationPlatforms) = postSolution
		{1B6389A7-9FF0-4C05-82DF-00AA1EA06C38}.Debug|Any CPU.ActiveCfg = Debug|Any CPU
		{1B6389A7-9FF0-4C05-82DF-00AA1EA06C38}.Debug|Any CPU.Build.0 = Debug|Any CPU
		{1B6389A7-9FF0-4C05-82DF-00AA1EA06C38}.Release|Any CPU.ActiveCfg = Release|Any CPU
		{1B6389A7-9FF0-4C05-82DF-00AA1EA06C38}.Release|Any CPU.Build.0 = Release|Any CPU
	EndGlobalSection
	GlobalSection(SolutionProperties) = preSolution
		HideSolutionNode = FALSE
	EndGlobalSection
	GlobalSection(ExtensibilityGlobals) = postSolution
		SolutionGuid = {FB5C60EB-9719-4F17-A5F6-5A35788B7F2B}
	EndGlobalSection
EndGlobal
